Microsoft Visual Studio Solution File, Format Version 12.00
# Visual Studio Version 17
VisualStudioVersion = 17.5.2.0
MinimumVisualStudioVersion = 10.0.40219.1
Project("{FAE04EC0-301F-11D3-BF4B-00C04F79EFBC}") = "ClosetMuseBackend", "ClosetMuseBackend.csproj", "{BC5AEB87-C36E-DC61-69BB-A80145949ED8}"
EndProject
Global
	GlobalSection(SolutionConfigurationPlatforms) = preSolution
		Debug|Any CPU = Debug|Any CPU
		Release|Any CPU = Release|Any CPU
	EndGlobalSection
	GlobalSection(ProjectConfigurationPlatforms) = postSolution
		{BC5AEB87-C36E-DC61-69BB-A80145949ED8}.Debug|Any CPU.ActiveCfg = Debug|Any CPU
		{BC5AEB87-C36E-DC61-69BB-A80145949ED8}.Debug|Any CPU.Build.0 = Debug|Any CPU
		{BC5AEB87-C36E-DC61-69BB-A80145949ED8}.Release|Any CPU.ActiveCfg = Release|Any CPU
		{BC5AEB87-C36E-DC61-69BB-A80145949ED8}.Release|Any CPU.Build.0 = Release|Any CPU
	EndGlobalSection
	GlobalSection(SolutionProperties) = preSolution
		HideSolutionNode = FALSE
	EndGlobalSection
	GlobalSection(ExtensibilityGlobals) = postSolution
		SolutionGuid = {A5F58523-B3C3-4E13-83CA-BF819DF6D2E8}
	EndGlobalSection
EndGlobal
